
Microsoft Visual Studio Solution File, Format Version 12.00
# Visual Studio Version 17
VisualStudioVersion = 17.14.36401.2 d17.14
MinimumVisualStudioVersion = 10.0.40219.1
Project("{FAE04EC0-301F-11D3-BF4B-00C04F79EFBC}") = "TaskManager", "TaskManager\TaskManager\TaskManager.csproj", "{C6B81C7D-9780-4CD6-96AB-8372210A83B3}"
EndProject
Project("{FAE04EC0-301F-11D3-BF4B-00C04F79EFBC}") = "TaskManager.Client", "TaskManager\TaskManager.Client\TaskManager.Client.csproj", "{42C44819-B8E7-473F-8E72-E3D23CE95E15}"
EndProject
Project("{FAE04EC0-301F-11D3-BF4B-00C04F79EFBC}") = "TaskManager.Shared", "TaskManager.Shared\TaskManager.Shared.csproj", "{FA786901-DAC3-4861-B5C1-15B00418DD8F}"
EndProject
Global
	GlobalSection(SolutionConfigurationPlatforms) = preSolution
		Debug|Any CPU = Debug|Any CPU
		Release|Any CPU = Release|Any CPU
	EndGlobalSection
	GlobalSection(ProjectConfigurationPlatforms) = postSolution
		{C6B81C7D-9780-4CD6-96AB-8372210A83B3}.Debug|Any CPU.ActiveCfg = Debug|Any CPU
		{C6B81C7D-9780-4CD6-96AB-8372210A83B3}.Debug|Any CPU.Build.0 = Debug|Any CPU
		{C6B81C7D-9780-4CD6-96AB-8372210A83B3}.Release|Any CPU.ActiveCfg = Release|Any CPU
		{C6B81C7D-9780-4CD6-96AB-8372210A83B3}.Release|Any CPU.Build.0 = Release|Any CPU
		{42C44819-B8E7-473F-8E72-E3D23CE95E15}.Debug|Any CPU.ActiveCfg = Debug|Any CPU
		{42C44819-B8E7-473F-8E72-E3D23CE95E15}.Debug|Any CPU.Build.0 = Debug|Any CPU
		{42C44819-B8E7-473F-8E72-E3D23CE95E15}.Release|Any CPU.ActiveCfg = Release|Any CPU
		{42C44819-B8E7-473F-8E72-E3D23CE95E15}.Release|Any CPU.Build.0 = Release|Any CPU
		{FA786901-DAC3-4861-B5C1-15B00418DD8F}.Debug|Any CPU.ActiveCfg = Debug|Any CPU
		{FA786901-DAC3-4861-B5C1-15B00418DD8F}.Debug|Any CPU.Build.0 = Debug|Any CPU
		{FA786901-DAC3-4861-B5C1-15B00418DD8F}.Release|Any CPU.ActiveCfg = Release|Any CPU
		{FA786901-DAC3-4861-B5C1-15B00418DD8F}.Release|Any CPU.Build.0 = Release|Any CPU
	EndGlobalSection
	GlobalSection(SolutionProperties) = preSolution
		HideSolutionNode = FALSE
	EndGlobalSection
	GlobalSection(ExtensibilityGlobals) = postSolution
		SolutionGuid = {89B35A4B-AD79-4F98-8A6C-D47C32ECB4C3}
	EndGlobalSection
EndGlobal
